PODS:
  - Alamofire (4.0.1)
  - Gloss (1.0.0)

DEPENDENCIES:
  - Alamofire (~> 4.0)
  - Gloss (~> 1.0)

SPEC CHECKSUMS:
  Alamofire: 7682d43245de14874acd142ec137b144aa1dd335
  Gloss: 014789e9e69ca18f127eacca999f4c9b0bff6d58

PODFILE CHECKSUM: be8f603438ec068b06aea05a7e94b882223ef1b2

COCOAPODS: 1.0.1
